// !$*UTF8*$!
{
	archiveVersion = 1;
	classes = {
	};
	objectVersion = 50;
	objects = {

/* Begin PBXBuildFile section */
		14622C499FD6098055AFA4C0 /* Pods_place_open_house_sign.framework in Frameworks */ = {isa = PBXBuildFile; fileRef = A120EFB3F0D7B7BD55351B68 /* Pods_place_open_house_sign.framework */; };
		D03CDE66217854DB0069B613 /* AppDelegate.swift in Sources */ = {isa = PBXBuildFile; fileRef = D03CDE65217854DB0069B613 /* AppDelegate.swift */; };
		D03CDE68217854DB0069B613 /* ViewController.swift in Sources */ = {isa = PBXBuildFile; fileRef = D03CDE67217854DB0069B613 /* ViewController.swift */; };
		D03CDE6B217854DB0069B613 /* Main.storyboard in Resources */ = {isa = PBXBuildFile; fileRef = D03CDE69217854DB0069B613 /* Main.storyboard */; };
		D03CDE6D217854DD0069B613 /* Assets.xcassets in Resources */ = {isa = PBXBuildFile; fileRef = D03CDE6C217854DD0069B613 /* Assets.xcassets */; };
		D03CDE70217854DD0069B613 /* LaunchScreen.storyboard in Resources */ = {isa = PBXBuildFile; fileRef = D03CDE6E217854DD0069B613 /* LaunchScreen.storyboard */; };
/* End PBXBuildFile section */

/* Begin PBXFileReference section */
		2DA1FBAF20E710A133FF4AA6 /* Pods-place_open_house_sign.release.xcconfig */ = {isa = PBXFileReference; includeInIndex = 1; lastKnownFileType = text.xcconfig; name = "Pods-place_open_house_sign.release.xcconfig"; path = "Pods/Target Support Files/Pods-place_open_house_sign/Pods-place_open_house_sign.release.xcconfig"; sourceTree = "<group>"; };
		A120EFB3F0D7B7BD55351B68 /* Pods_place_open_house_sign.framework */ = {isa = PBXFileReference; explicitFileType = wrapper.framework; includeInIndex = 0; path = Pods_place_open_house_sign.framework; sourceTree = BUILT_PRODUCTS_DIR; };
		D03CDE62217854DB0069B613 /* place_open_house_sign.app */ = {isa = PBXFileReference; explicitFileType = wrapper.application; includeInIndex = 0; path = place_open_house_sign.app; sourceTree = BUILT_PRODUCTS_DIR; };
		D03CDE65217854DB0069B613 /* AppDelegate.swift */ = {isa = PBXFileReference; lastKnownFileType = sourcecode.swift; path = AppDelegate.swift; sourceTree = "<group>"; };
		D03CDE67217854DB0069B613 /* ViewController.swift */ = {isa = PBXFileReference; lastKnownFileType = sourcecode.swift; path = ViewController.swift; sourceTree = "<group>"; };
		D03CDE6A217854DB0069B613 /* Base */ = {isa = PBXFileReference; lastKnownFileType = file.storyboard; name = Base; path = Base.lproj/Main.storyboard; sourceTree = "<group>"; };
		D03CDE6C217854DD0069B613 /* Assets.xcassets */ = {isa = PBXFileReference; lastKnownFileType = folder.assetcatalog; path = Assets.xcassets; sourceTree = "<group>"; };
		D03CDE6F217854DD0069B613 /* Base */ = {isa = PBXFileReference; lastKnownFileType = file.storyboard; name = Base; path = Base.lproj/LaunchScreen.storyboard; sourceTree = "<group>"; };
		D03CDE71217854DD0069B613 /* Info.plist */ = {isa = PBXFileReference; lastKnownFileType = text.plist.xml; path = Info.plist; sourceTree = "<group>"; };
		D34F93E4B58E22D260BC1507 /* Pods-place_open_house_sign.debug.xcconfig */ = {isa = PBXFileReference; includeInIndex = 1; lastKnownFileType = text.xcconfig; name = "Pods-place_open_house_sign.debug.xcconfig"; path = "Pods/Target Support Files/Pods-place_open_house_sign/Pods-place_open_house_sign.debug.xcconfig"; sourceTree = "<group>"; };
/* End PBXFileReference section */

/* Begin PBXFrameworksBuildPhase section */
		D03CDE5F217854DB0069B613 /* Frameworks */ = {
			isa = PBXFrameworksBuildPhase;
			buildActionMask = 2147483647;
			files = (
				14622C499FD6098055AFA4C0 /* Pods_place_open_house_sign.framework in Frameworks */,
			);
			runOnlyForDeploymentPostprocessing = 0;
		};
/* End PBXFrameworksBuildPhase section */

/* Begin PBXGroup section */
		0588243E73F2EB9F60C9651D /* Pods */ = {
			isa = PBXGroup;
			children = (
				D34F93E4B58E22D260BC1507 /* Pods-place_open_house_sign.debug.xcconfig */,
				2DA1FBAF20E710A133FF4AA6 /* Pods-place_open_house_sign.release.xcconfig */,
			);
			name = Pods;
			sourceTree = "<group>";
		};
		1773C0710BE5852D92D18D6F /* Frameworks */ = {
			isa = PBXGroup;
			children = (
				A120EFB3F0D7B7BD55351B68 /* Pods_place_open_house_sign.framework */,
			);
			name = Frameworks;
			sourceTree = "<group>";
		};
		D03CDE59217854DA0069B613 = {
			isa = PBXGroup;
			children = (
				D03CDE64217854DB0069B613 /* place_open_house_sign */,
				D03CDE63217854DB0069B613 /* Products */,
				0588243E73F2EB9F60C9651D /* Pods */,
				1773C0710BE5852D92D18D6F /* Frameworks */,
			);
			sourceTree = "<group>";
		};
		D03CDE63217854DB0069B613 /* Products */ = {
			isa = PBXGroup;
			children = (
				D03CDE62217854DB0069B613 /* place_open_house_sign.app */,
			);
			name = Products;
			sourceTree = "<group>";
		};
		D03CDE64217854DB0069B613 /* place_open_house_sign */ = {
			isa = PBXGroup;
			children = (
				D03CDE65217854DB0069B613 /* AppDelegate.swift */,
				D03CDE67217854DB0069B613 /* ViewController.swift */,
				D03CDE69217854DB0069B613 /* Main.storyboard */,
				D03CDE6C217854DD0069B613 /* Assets.xcassets */,
				D03CDE6E217854DD0069B613 /* LaunchScreen.storyboard */,
				D03CDE71217854DD0069B613 /* Info.plist */,
			);
			path = place_open_house_sign;
			sourceTree = "<group>";
		};
/* End PBXGroup section */

/* Begin PBXNativeTarget section */
		D03CDE61217854DB0069B613 /* place_open_house_sign */ = {
			isa = PBXNativeTarget;
			buildConfigurationList = D03CDE74217854DD0069B613 /* Build configuration list for PBXNativeTarget "place_open_house_sign" */;
			buildPhases = (
				9135FA1CD67655357F1484D0 /* [CP] Check Pods Manifest.lock */,
				D03CDE5E217854DB0069B613 /* Sources */,
				D03CDE5F217854DB0069B613 /* Frameworks */,
				D03CDE60217854DB0069B613 /* Resources */,
				4C6E409E790CAA23DC06E084 /* [CP] Copy Pods Resources */,
			);
			buildRules = (
			);
			dependencies = (
			);
			name = place_open_house_sign;
			productName = place_open_house_sign;
			productReference = D03CDE62217854DB0069B613 /* place_open_house_sign.app */;
			productType = "com.apple.product-type.application";
		};
/* End PBXNativeTarget section */

/* Begin PBXProject section */
		D03CDE5A217854DA0069B613 /* Project object */ = {
			isa = PBXProject;
			attributes = {
				LastSwiftUpdateCheck = 1000;
				LastUpgradeCheck = 1000;
				ORGANIZATIONNAME = Pranav;
				TargetAttributes = {
					D03CDE61217854DB0069B613 = {
						CreatedOnToolsVersion = 10.0;
					};
				};
			};
			buildConfigurationList = D03CDE5D217854DA0069B613 /* Build configuration list for PBXProject "place_open_house_sign" */;
			compatibilityVersion = "Xcode 9.3";
			developmentRegion = en;
			hasScannedForEncodings = 0;
			knownRegions = (
				en,
				Base,
			);
			mainGroup = D03CDE59217854DA0069B613;
			productRefGroup = D03CDE63217854DB0069B613 /* Products */;
			projectDirPath = "";
			projectRoot = "";
			targets = (
				D03CDE61217854DB0069B613 /* place_open_house_sign */,
			);
		};
/* End PBXProject section */

/* Begin PBXResourcesBuildPhase section */
		D03CDE60217854DB0069B613 /* Resources */ = {
			isa = PBXResourcesBuildPhase;
			buildActionMask = 2147483647;
			files = (
				D03CDE70217854DD0069B613 /* LaunchScreen.storyboard in Resources */,
				D03CDE6D217854DD0069B613 /* Assets.xcassets in Resources */,
				D03CDE6B217854DB0069B613 /* Main.storyboard in Resources */,
			);
			runOnlyForDeploymentPostprocessing = 0;
		};
/* End PBXResourcesBuildPhase section */

/* Begin PBXShellScriptBuildPhase section */
		4C6E409E790CAA23DC06E084 /* [CP] Copy Pods Resources */ = {
			isa = PBXShellScriptBuildPhase;
			buildActionMask = 2147483647;
			files = (
			);
			inputFileListPaths = (
			);
			inputPaths = (
				"${SRCROOT}/Pods/Target Support Files/Pods-place_open_house_sign/Pods-place_open_house_sign-resources.sh",
				"${PODS_ROOT}/GoogleMaps/Maps/Frameworks/GoogleMaps.framework/Resources/GoogleMaps.bundle",
				"${PODS_ROOT}/GooglePlaces/Frameworks/GooglePlaces.framework/Resources/GooglePlaces.bundle",
			);
			name = "[CP] Copy Pods Resources";
			outputFileListPaths = (
			);
			outputPaths = (
				"${TARGET_BUILD_DIR}/${UNLOCALIZED_RESOURCES_FOLDER_PATH}/GoogleMaps.bundle",
				"${TARGET_BUILD_DIR}/${UNLOCALIZED_RESOURCES_FOLDER_PATH}/GooglePlaces.bundle",
			);
			runOnlyForDeploymentPostprocessing = 0;
			shellPath = /bin/sh;
			shellScript = "\"${SRCROOT}/Pods/Target Support Files/Pods-place_open_house_sign/Pods-place_open_house_sign-resources.sh\"\n";
			showEnvVarsInLog = 0;
		};
		9135FA1CD67655357F1484D0 /* [CP] Check Pods Manifest.lock */ = {
			isa = PBXShellScriptBuildPhase;
			buildActionMask = 2147483647;
			files = (
			);
			inputFileListPaths = (
			);
			inputPaths = (
				"${PODS_PODFILE_DIR_PATH}/Podfile.lock",
				"${PODS_ROOT}/Manifest.lock",
			);
			name = "[CP] Check Pods Manifest.lock";
			outputFileListPaths = (
			);
			outputPaths = (
				"$(DERIVED_FILE_DIR)/Pods-place_open_house_sign-checkManifestLockResult.txt",
			);
			runOnlyForDeploymentPostprocessing = 0;
			shellPath = /bin/sh;
			shellScript = "diff \"${PODS_PODFILE_DIR_PATH}/Podfile.lock\" \"${PODS_ROOT}/Manifest.lock\" > /dev/null\nif [ $? != 0 ] ; then\n    # print error to STDERR\n    echo \"error: The sandbox is not in sync with the Podfile.lock. Run 'pod install' or update your CocoaPods installation.\" >&2\n    exit 1\nfi\n# This output is used by Xcode 'outputs' to avoid re-running this script phase.\necho \"SUCCESS\" > \"${SCRIPT_OUTPUT_FILE_0}\"\n";
			showEnvVarsInLog = 0;
		};
/* End PBXShellScriptBuildPhase section */

/* Begin PBXSourcesBuildPhase section */
		D03CDE5E217854DB0069B613 /* Sources */ = {
			isa = PBXSourcesBuildPhase;
			buildActionMask = 2147483647;
			files = (
				D03CDE68217854DB0069B613 /* ViewController.swift in Sources */,
				D03CDE66217854DB0069B613 /* AppDelegate.swift in Sources */,
			);
			runOnlyForDeploymentPostprocessing = 0;
		};
/* End PBXSourcesBuildPhase section */

/* Begin PBXVariantGroup section */
		D03CDE69217854DB0069B613 /* Main.storyboard */ = {
			isa = PBXVariantGroup;
			children = (
				D03CDE6A217854DB0069B613 /* Base */,
			);
			name = Main.storyboard;
			sourceTree = "<group>";
		};
		D03CDE6E217854DD0069B613 /* LaunchScreen.storyboard */ = {
			isa = PBXVariantGroup;
			children = (
				D03CDE6F217854DD0069B613 /* Base */,
			);
			name = LaunchScreen.storyboard;
			sourceTree = "<group>";
		};
/* End PBXVariantGroup section */

/* Begin XCBuildConfiguration section */
		D03CDE72217854DD0069B613 /* Debug */ = {
			isa = XCBuildConfiguration;
			buildSettings = {
				ALWAYS_SEARCH_USER_PATHS = NO;
				CLANG_ANALYZER_NONNULL = YES;
				CLANG_ANALYZER_NUMBER_OBJECT_CONVERSION = YES_AGGRESSIVE;
				CLANG_CXX_LANGUAGE_STANDARD = "gnu++14";
				CLANG_CXX_LIBRARY = "libc++";
				CLANG_ENABLE_MODULES = YES;
				CLANG_ENABLE_OBJC_ARC = YES;
				CLANG_ENABLE_OBJC_WEAK = YES;
				CLANG_WARN_BLOCK_CAPTURE_AUTORELEASING = YES;
				CLANG_WARN_BOOL_CONVERSION = YES;
				CLANG_WARN_COMMA = YES;
				CLANG_WARN_CONSTANT_CONVERSION = YES;
				CLANG_WARN_DEPRECATED_OBJC_IMPLEMENTATIONS = YES;
				CLANG_WARN_DIRECT_OBJC_ISA_USAGE = YES_ERROR;
				CLANG_WARN_DOCUMENTATION_COMMENTS = YES;
				CLANG_WARN_EMPTY_BODY = YES;
				CLANG_WARN_ENUM_CONVERSION = YES;
				CLANG_WARN_INFINITE_RECURSION = YES;
				CLANG_WARN_INT_CONVERSION = YES;
				CLANG_WARN_NON_LITERAL_NULL_CONVERSION = YES;
				CLANG_WARN_OBJC_IMPLICIT_RETAIN_SELF = YES;
				CLANG_WARN_OBJC_LITERAL_CONVERSION = YES;
				CLANG_WARN_OBJC_ROOT_CLASS = YES_ERROR;
				CLANG_WARN_RANGE_LOOP_ANALYSIS = YES;
				CLANG_WARN_STRICT_PROTOTYPES = YES;
				CLANG_WARN_SUSPICIOUS_MOVE = YES;
				CLANG_WARN_UNGUARDED_AVAILABILITY = YES_AGGRESSIVE;
				CLANG_WARN_UNREACHABLE_CODE = YES;
				CLANG_WARN__DUPLICATE_METHOD_MATCH = YES;
				CODE_SIGN_IDENTITY = "iPhone Developer";
				COPY_PHASE_STRIP = NO;
				DEBUG_INFORMATION_FORMAT = dwarf;
				ENABLE_STRICT_OBJC_MSGSEND = YES;
				ENABLE_TESTABILITY = YES;
				GCC_C_LANGUAGE_STANDARD = gnu11;
				GCC_DYNAMIC_NO_PIC = NO;
				GCC_NO_COMMON_BLOCKS = YES;
				GCC_OPTIMIZATION_LEVEL = 0;
				GCC_PREPROCESSOR_DEFINITIONS = (
					"DEBUG=1",
					"$(inherited)",
				);
				GCC_WARN_64_TO_32_BIT_CONVERSION = YES;
				GCC_WARN_ABOUT_RETURN_TYPE = YES_ERROR;
				GCC_WARN_UNDECLARED_SELECTOR = YES;
				GCC_WARN_UNINITIALIZED_AUTOS = YES_AGGRESSIVE;
				GCC_WARN_UNUSED_FUNCTION = YES;
				GCC_WARN_UNUSED_VARIABLE = YES;
				IPHONEOS_DEPLOYMENT_TARGET = 12.0;
				MTL_ENABLE_DEBUG_INFO = INCLUDE_SOURCE;
				MTL_FAST_MATH = YES;
				ONLY_ACTIVE_ARCH = YES;
				SDKROOT = iphoneos;
				SWIFT_ACTIVE_COMPILATION_CONDITIONS = DEBUG;
				SWIFT_OPTIMIZATION_LEVEL = "-Onone";
			};
			name = Debug;
		};
		D03CDE73217854DD0069B613 /* Release */ = {
			isa = XCBuildConfiguration;
			buildSettings = {
				ALWAYS_SEARCH_USER_PATHS = NO;
				CLANG_ANALYZER_NONNULL = YES;
				CLANG_ANALYZER_NUMBER_OBJECT_CONVERSION = YES_AGGRESSIVE;
				CLANG_CXX_LANGUAGE_STANDARD = "gnu++14";
				CLANG_CXX_LIBRARY = "libc++";
				CLANG_ENABLE_MODULES = YES;
				CLANG_ENABLE_OBJC_ARC = YES;
				CLANG_ENABLE_OBJC_WEAK = YES;
				CLANG_WARN_BLOCK_CAPTURE_AUTORELEASING = YES;
				CLANG_WARN_BOOL_CONVERSION = YES;
				CLANG_WARN_COMMA = YES;
				CLANG_WARN_CONSTANT_CONVERSION = YES;
				CLANG_WARN_DEPRECATED_OBJC_IMPLEMENTATIONS = YES;
				CLANG_WARN_DIRECT_OBJC_ISA_USAGE = YES_ERROR;
				CLANG_WARN_DOCUMENTATION_COMMENTS = YES;
				CLANG_WARN_EMPTY_BODY = YES;
				CLANG_WARN_ENUM_CONVERSION = YES;
				CLANG_WARN_INFINITE_RECURSION = YES;
				CLANG_WARN_INT_CONVERSION = YES;
				CLANG_WARN_NON_LITERAL_NULL_CONVERSION = YES;
				CLANG_WARN_OBJC_IMPLICIT_RETAIN_SELF = YES;
				CLANG_WARN_OBJC_LITERAL_CONVERSION = YES;
				CLANG_WARN_OBJC_ROOT_CLASS = YES_ERROR;
				CLANG_WARN_RANGE_LOOP_ANALYSIS = YES;
				CLANG_WARN_STRICT_PROTOTYPES = YES;
				CLANG_WARN_SUSPICIOUS_MOVE = YES;
				CLANG_WARN_UNGUARDED_AVAILABILITY = YES_AGGRESSIVE;
				CLANG_WARN_UNREACHABLE_CODE = YES;
				CLANG_WARN__DUPLICATE_METHOD_MATCH = YES;
				CODE_SIGN_IDENTITY = "iPhone Developer";
				COPY_PHASE_STRIP = NO;
				DEBUG_INFORMATION_FORMAT = "dwarf-with-dsym";
				ENABLE_NS_ASSERTIONS = NO;
				ENABLE_STRICT_OBJC_MSGSEND = YES;
				GCC_C_LANGUAGE_STANDARD = gnu11;
				GCC_NO_COMMON_BLOCKS = YES;
				GCC_WARN_64_TO_32_BIT_CONVERSION = YES;
				GCC_WARN_ABOUT_RETURN_TYPE = YES_ERROR;
				GCC_WARN_UNDECLARED_SELECTOR = YES;
				GCC_WARN_UNINITIALIZED_AUTOS = YES_AGGRESSIVE;
				GCC_WARN_UNUSED_FUNCTION = YES;
				GCC_WARN_UNUSED_VARIABLE = YES;
				IPHONEOS_DEPLOYMENT_TARGET = 12.0;
				MTL_ENABLE_DEBUG_INFO = NO;
				MTL_FAST_MATH = YES;
				SDKROOT = iphoneos;
				SWIFT_COMPILATION_MODE = wholemodule;
				SWIFT_OPTIMIZATION_LEVEL = "-O";
				VALIDATE_PRODUCT = YES;
			};
			name = Release;
		};
		D03CDE75217854DD0069B613 /* Debug */ = {
			isa = XCBuildConfiguration;
			baseConfigurationReference = D34F93E4B58E22D260BC1507 /* Pods-place_open_house_sign.debug.xcconfig */;
			buildSettings = {
				ASSETCATALOG_COMPILER_APPICON_NAME = AppIcon;
				CODE_SIGN_STYLE = Automatic;
				DEVELOPMENT_TEAM = Y26VBSXG4Z;
				INFOPLIST_FILE = place_open_house_sign/Info.plist;
				IPHONEOS_DEPLOYMENT_TARGET = 11.4;
				LD_RUNPATH_SEARCH_PATHS = (
					"$(inherited)",
					"@executable_path/Frameworks",
				);
				PRODUCT_BUNDLE_IDENTIFIER = "com.openhousesign.place-open-house-sign";
				PRODUCT_NAME = "$(TARGET_NAME)";
				SWIFT_VERSION = 4.2;
				TARGETED_DEVICE_FAMILY = "1,2";
			};
			name = Debug;
		};
		D03CDE76217854DD0069B613 /* Release */ = {
			isa = XCBuildConfiguration;
			baseConfigurationReference = 2DA1FBAF20E710A133FF4AA6 /* Pods-place_open_house_sign.release.xcconfig */;
			buildSettings = {
				ASSETCATALOG_COMPILER_APPICON_NAME = AppIcon;
				CODE_SIGN_STYLE = Automatic;
				DEVELOPMENT_TEAM = Y26VBSXG4Z;
				INFOPLIST_FILE = place_open_house_sign/Info.plist;
				IPHONEOS_DEPLOYMENT_TARGET = 11.4;
				LD_RUNPATH_SEARCH_PATHS = (
					"$(inherited)",
					"@executable_path/Frameworks",
				);
				PRODUCT_BUNDLE_IDENTIFIER = "com.openhousesign.place-open-house-sign";
				PRODUCT_NAME = "$(TARGET_NAME)";
				SWIFT_VERSION = 4.2;
				TARGETED_DEVICE_FAMILY = "1,2";
			};
			name = Release;
		};
/* End XCBuildConfiguration section */

/* Begin XCConfigurationList section */
		D03CDE5D217854DA0069B613 /* Build configuration list for PBXProject "place_open_house_sign" */ = {
			isa = XCConfigurationList;
			buildConfigurations = (
				D03CDE72217854DD0069B613 /* Debug */,
				D03CDE73217854DD0069B613 /* Release */,
			);
			defaultConfigurationIsVisible = 0;
			defaultConfigurationName = Release;
		};
		D03CDE74217854DD0069B613 /* Build configuration list for PBXNativeTarget "place_open_house_sign" */ = {
			isa = XCConfigurationList;
			buildConfigurations = (
				D03CDE75217854DD0069B613 /* Debug */,
				D03CDE76217854DD0069B613 /* Release */,
			);
			defaultConfigurationIsVisible = 0;
			defaultConfigurationName = Release;
		};
/* End XCConfigurationList section */
	};
	rootObject = D03CDE5A217854DA0069B613 /* Project object */;
}
